{
  "name": "predictables",
  "lockfileVersion": 3,
  "requires": true,
  "packages": {
    "": {
      "devDependencies": {
        "@trunkio/launcher": "^1.2.7"
      }
    },
    "node_modules/@trunkio/launcher": {
      "version": "1.2.7",
      "resolved": "https://registry.npmjs.org/@trunkio/launcher/-/launcher-1.2.7.tgz",
      "integrity": "sha512-FDRRc3PYIfrnLrjWdZ5JeB49tkSmoRdrm3940u1o5XK3Zn+EsIUFNC/k6aOHSfUgkIB0LrBwENX8hwfAeW4kzg==",
      "dev": true,
      "bin": {
        "trunk": "trunk"
      }
    }
  }
}
